// !$*UTF8*$!
{
	archiveVersion = 1;
	classes = {
	};
	objectVersion = 77;
	objects = {

/* Begin PBXBuildFile section */
		980822462FF9A33B002DB695 /* TemplateDetailView.swift in Sources */ = {isa = PBXBuildFile; fileRef = 980822452FF9A32A002DB695 /* TemplateDetailView.swift */; };
		980822482FF9A3FC002DB695 /* TemplateViewModel.swift in Sources */ = {isa = PBXBuildFile; fileRef = 980822472FF9A3E6002DB695 /* TemplateViewModel.swift */; };
		9808224A2FF9B912002DB695 /* AddExerciseView.swift in Sources */ = {isa = PBXBuildFile; fileRef = 980822492FF9B90D002DB695 /* AddExerciseView.swift */; };
		9808224C2FF9BAA7002DB695 /* Exercise.swift in Sources */ = {isa = PBXBuildFile; fileRef = 9808224B2FF9BAA4002DB695 /* Exercise.swift */; };
		9808224E2FF9C108002DB695 /* SetTag.swift in Sources */ = {isa = PBXBuildFile; fileRef = 9808224D2FF9C106002DB695 /* SetTag.swift */; };
		980822502FF9C118002DB695 /* LoggedSet.swift in Sources */ = {isa = PBXBuildFile; fileRef = 9808224F2FF9C114002DB695 /* LoggedSet.swift */; };
		980822522FF9C12E002DB695 /* WorkoutExercise.swift in Sources */ = {isa = PBXBuildFile; fileRef = 980822512FF9C125002DB695 /* WorkoutExercise.swift */; };
		980822542FF9C138002DB695 /* WorkoutSession.swift in Sources */ = {isa = PBXBuildFile; fileRef = 980822532FF9C135002DB695 /* WorkoutSession.swift */; };
		980822592FF9D261002DB695 /* WorkoutView.swift in Sources */ = {isa = PBXBuildFile; fileRef = 980822582FF9D25C002DB695 /* WorkoutView.swift */; };
		9808225B2FF9D405002DB695 /* LoggedSetRow.swift in Sources */ = {isa = PBXBuildFile; fileRef = 9808225A2FF9D3FF002DB695 /* LoggedSetRow.swift */; };
/* End PBXBuildFile section */

/* Begin PBXContainerItemProxy section */
		9808221E2FF99D6F002DB695 /* PBXContainerItemProxy */ = {
			isa = PBXContainerItemProxy;
			containerPortal = 980822062FF99D6E002DB695 /* Project object */;
			proxyType = 1;
			remoteGlobalIDString = 9808220D2FF99D6E002DB695;
			remoteInfo = WorkoutApp;
		};
		980822282FF99D6F002DB695 /* PBXContainerItemProxy */ = {
			isa = PBXContainerItemProxy;
			containerPortal = 980822062FF99D6E002DB695 /* Project object */;
			proxyType = 1;
			remoteGlobalIDString = 9808220D2FF99D6E002DB695;
			remoteInfo = WorkoutApp;
		};
/* End PBXContainerItemProxy section */

/* Begin PBXFileReference section */
		9808220E2FF99D6E002DB695 /* WorkoutApp.app */ = {isa = PBXFileReference; explicitFileType = wrapper.application; includeInIndex = 0; path = WorkoutApp.app; sourceTree = BUILT_PRODUCTS_DIR; };
		9808221D2FF99D6F002DB695 /* WorkoutAppTests.xctest */ = {isa = PBXFileReference; explicitFileType = wrapper.cfbundle; includeInIndex = 0; path = WorkoutAppTests.xctest; sourceTree = BUILT_PRODUCTS_DIR; };
		980822272FF99D6F002DB695 /* WorkoutAppUITests.xctest */ = {isa = PBXFileReference; explicitFileType = wrapper.cfbundle; includeInIndex = 0; path = WorkoutAppUITests.xctest; sourceTree = BUILT_PRODUCTS_DIR; };
		980822452FF9A32A002DB695 /* TemplateDetailView.swift */ = {isa = PBXFileReference; lastKnownFileType = sourcecode.swift; path = TemplateDetailView.swift; sourceTree = "<group>"; };
		980822472FF9A3E6002DB695 /* TemplateViewModel.swift */ = {isa = PBXFileReference; lastKnownFileType = sourcecode.swift; path = TemplateViewModel.swift; sourceTree = "<group>"; };
		980822492FF9B90D002DB695 /* AddExerciseView.swift */ = {isa = PBXFileReference; lastKnownFileType = sourcecode.swift; path = AddExerciseView.swift; sourceTree = "<group>"; };
		9808224B2FF9BAA4002DB695 /* Exercise.swift */ = {isa = PBXFileReference; lastKnownFileType = sourcecode.swift; path = Exercise.swift; sourceTree = "<group>"; };
		9808224D2FF9C106002DB695 /* SetTag.swift */ = {isa = PBXFileReference; lastKnownFileType = sourcecode.swift; path = SetTag.swift; sourceTree = "<group>"; };
		9808224F2FF9C114002DB695 /* LoggedSet.swift */ = {isa = PBXFileReference; lastKnownFileType = sourcecode.swift; path = LoggedSet.swift; sourceTree = "<group>"; };
		980822512FF9C125002DB695 /* WorkoutExercise.swift */ = {isa = PBXFileReference; lastKnownFileType = sourcecode.swift; path = WorkoutExercise.swift; sourceTree = "<group>"; };
		980822532FF9C135002DB695 /* WorkoutSession.swift */ = {isa = PBXFileReference; lastKnownFileType = sourcecode.swift; path = WorkoutSession.swift; sourceTree = "<group>"; };
		980822582FF9D25C002DB695 /* WorkoutView.swift */ = {isa = PBXFileReference; lastKnownFileType = sourcecode.swift; path = WorkoutView.swift; sourceTree = "<group>"; };
		9808225A2FF9D3FF002DB695 /* LoggedSetRow.swift */ = {isa = PBXFileReference; lastKnownFileType = sourcecode.swift; path = LoggedSetRow.swift; sourceTree = "<group>"; };
/* End PBXFileReference section */

/* Begin PBXFileSystemSynchronizedRootGroup section */
		980822102FF99D6E002DB695 /* WorkoutApp */ = {
			isa = PBXFileSystemSynchronizedRootGroup;
			path = WorkoutApp;
			sourceTree = "<group>";
		};
		980822202FF99D6F002DB695 /* WorkoutAppTests */ = {
			isa = PBXFileSystemSynchronizedRootGroup;
			path = WorkoutAppTests;
			sourceTree = "<group>";
		};
		9808222A2FF99D6F002DB695 /* WorkoutAppUITests */ = {
			isa = PBXFileSystemSynchronizedRootGroup;
			path = WorkoutAppUITests;
			sourceTree = "<group>";
		};
/* End PBXFileSystemSynchronizedRootGroup section */

/* Begin PBXFrameworksBuildPhase section */
		9808220B2FF99D6E002DB695 /* Frameworks */ = {
			isa = PBXFrameworksBuildPhase;
			buildActionMask = 2147483647;
			files = (
			);
			runOnlyForDeploymentPostprocessing = 0;
		};
		9808221A2FF99D6F002DB695 /* Frameworks */ = {
			isa = PBXFrameworksBuildPhase;
			buildActionMask = 2147483647;
			files = (
			);
			runOnlyForDeploymentPostprocessing = 0;
		};
		980822242FF99D6F002DB695 /* Frameworks */ = {
			isa = PBXFrameworksBuildPhase;
			buildActionMask = 2147483647;
			files = (
			);
			runOnlyForDeploymentPostprocessing = 0;
		};
/* End PBXFrameworksBuildPhase section */

/* Begin PBXGroup section */
		980822052FF99D6E002DB695 = {
			isa = PBXGroup;
			children = (
				9808223D2FF99F28002DB695 /* Views */,
				9808223A2FF99EB0002DB695 /* Models */,
				980822102FF99D6E002DB695 /* WorkoutApp */,
				980822202FF99D6F002DB695 /* WorkoutAppTests */,
				9808222A2FF99D6F002DB695 /* WorkoutAppUITests */,
				9808220F2FF99D6E002DB695 /* Products */,
			);
			sourceTree = "<group>";
		};
		9808220F2FF99D6E002DB695 /* Products */ = {
			isa = PBXGroup;
			children = (
				9808220E2FF99D6E002DB695 /* WorkoutApp.app */,
				9808221D2FF99D6F002DB695 /* WorkoutAppTests.xctest */,
				980822272FF99D6F002DB695 /* WorkoutAppUITests.xctest */,
			);
			name = Products;
			sourceTree = "<group>";
		};
		9808223A2FF99EB0002DB695 /* Models */ = {
			isa = PBXGroup;
			children = (
				980822532FF9C135002DB695 /* WorkoutSession.swift */,
				980822512FF9C125002DB695 /* WorkoutExercise.swift */,
				9808224F2FF9C114002DB695 /* LoggedSet.swift */,
				9808224D2FF9C106002DB695 /* SetTag.swift */,
				9808224B2FF9BAA4002DB695 /* Exercise.swift */,
				980822472FF9A3E6002DB695 /* TemplateViewModel.swift */,
			);
			path = Models;
			sourceTree = "<group>";
		};
		9808223D2FF99F28002DB695 /* Views */ = {
			isa = PBXGroup;
			children = (
				9808225A2FF9D3FF002DB695 /* LoggedSetRow.swift */,
				980822582FF9D25C002DB695 /* WorkoutView.swift */,
				980822492FF9B90D002DB695 /* AddExerciseView.swift */,
				980822452FF9A32A002DB695 /* TemplateDetailView.swift */,
			);
			path = Views;
			sourceTree = "<group>";
		};
/* End PBXGroup section */

/* Begin PBXNativeTarget section */
		9808220D2FF99D6E002DB695 /* WorkoutApp */ = {
			isa = PBXNativeTarget;
			buildConfigurationList = 980822312FF99D6F002DB695 /* Build configuration list for PBXNativeTarget "WorkoutApp" */;
			buildPhases = (
				9808220A2FF99D6E002DB695 /* Sources */,
				9808220B2FF99D6E002DB695 /* Frameworks */,
				9808220C2FF99D6E002DB695 /* Resources */,
			);
			buildRules = (
			);
			dependencies = (
			);
			fileSystemSynchronizedGroups = (
				980822102FF99D6E002DB695 /* WorkoutApp */,
			);
			name = WorkoutApp;
			packageProductDependencies = (
			);
			productName = WorkoutApp;
			productReference = 9808220E2FF99D6E002DB695 /* WorkoutApp.app */;
			productType = "com.apple.product-type.application";
		};
		9808221C2FF99D6F002DB695 /* WorkoutAppTests */ = {
			isa = PBXNativeTarget;
			buildConfigurationList = 980822342FF99D6F002DB695 /* Build configuration list for PBXNativeTarget "WorkoutAppTests" */;
			buildPhases = (
				980822192FF99D6F002DB695 /* Sources */,
				9808221A2FF99D6F002DB695 /* Frameworks */,
				9808221B2FF99D6F002DB695 /* Resources */,
			);
			buildRules = (
			);
			dependencies = (
				9808221F2FF99D6F002DB695 /* PBXTargetDependency */,
			);
			fileSystemSynchronizedGroups = (
				980822202FF99D6F002DB695 /* WorkoutAppTests */,
			);
			name = WorkoutAppTests;
			packageProductDependencies = (
			);
			productName = WorkoutAppTests;
			productReference = 9808221D2FF99D6F002DB695 /* WorkoutAppTests.xctest */;
			productType = "com.apple.product-type.bundle.unit-test";
		};
		980822262FF99D6F002DB695 /* WorkoutAppUITests */ = {
			isa = PBXNativeTarget;
			buildConfigurationList = 980822372FF99D6F002DB695 /* Build configuration list for PBXNativeTarget "WorkoutAppUITests" */;
			buildPhases = (
				980822232FF99D6F002DB695 /* Sources */,
				980822242FF99D6F002DB695 /* Frameworks */,
				980822252FF99D6F002DB695 /* Resources */,
			);
			buildRules = (
			);
			dependencies = (
				980822292FF99D6F002DB695 /* PBXTargetDependency */,
			);
			fileSystemSynchronizedGroups = (
				9808222A2FF99D6F002DB695 /* WorkoutAppUITests */,
			);
			name = WorkoutAppUITests;
			packageProductDependencies = (
			);
			productName = WorkoutAppUITests;
			productReference = 980822272FF99D6F002DB695 /* WorkoutAppUITests.xctest */;
			productType = "com.apple.product-type.bundle.ui-testing";
		};
/* End PBXNativeTarget section */

/* Begin PBXProject section */
		980822062FF99D6E002DB695 /* Project object */ = {
			isa = PBXProject;
			attributes = {
				BuildIndependentTargetsInParallel = 1;
				LastSwiftUpdateCheck = 1640;
				LastUpgradeCheck = 1640;
				TargetAttributes = {
					9808220D2FF99D6E002DB695 = {
						CreatedOnToolsVersion = 16.4;
					};
					9808221C2FF99D6F002DB695 = {
						CreatedOnToolsVersion = 16.4;
						TestTargetID = 9808220D2FF99D6E002DB695;
					};
					980822262FF99D6F002DB695 = {
						CreatedOnToolsVersion = 16.4;
						TestTargetID = 9808220D2FF99D6E002DB695;
					};
				};
			};
			buildConfigurationList = 980822092FF99D6E002DB695 /* Build configuration list for PBXProject "WorkoutApp" */;
			developmentRegion = en;
			hasScannedForEncodings = 0;
			knownRegions = (
				en,
				Base,
			);
			mainGroup = 980822052FF99D6E002DB695;
			minimizedProjectReferenceProxies = 1;
			preferredProjectObjectVersion = 77;
			productRefGroup = 9808220F2FF99D6E002DB695 /* Products */;
			projectDirPath = "";
			projectRoot = "";
			targets = (
				9808220D2FF99D6E002DB695 /* WorkoutApp */,
				9808221C2FF99D6F002DB695 /* WorkoutAppTests */,
				980822262FF99D6F002DB695 /* WorkoutAppUITests */,
			);
		};
/* End PBXProject section */

/* Begin PBXResourcesBuildPhase section */
		9808220C2FF99D6E002DB695 /* Resources */ = {
			isa = PBXResourcesBuildPhase;
			buildActionMask = 2147483647;
			files = (
			);
			runOnlyForDeploymentPostprocessing = 0;
		};
		9808221B2FF99D6F002DB695 /* Resources */ = {
			isa = PBXResourcesBuildPhase;
			buildActionMask = 2147483647;
			files = (
			);
			runOnlyForDeploymentPostprocessing = 0;
		};
		980822252FF99D6F002DB695 /* Resources */ = {
			isa = PBXResourcesBuildPhase;
			buildActionMask = 2147483647;
			files = (
			);
			runOnlyForDeploymentPostprocessing = 0;
		};
/* End PBXResourcesBuildPhase section */

/* Begin PBXSourcesBuildPhase section */
		9808220A2FF99D6E002DB695 /* Sources */ = {
			isa = PBXSourcesBuildPhase;
			buildActionMask = 2147483647;
			files = (
				9808224E2FF9C108002DB695 /* SetTag.swift in Sources */,
				980822542FF9C138002DB695 /* WorkoutSession.swift in Sources */,
				9808225B2FF9D405002DB695 /* LoggedSetRow.swift in Sources */,
				980822592FF9D261002DB695 /* WorkoutView.swift in Sources */,
				980822502FF9C118002DB695 /* LoggedSet.swift in Sources */,
				980822462FF9A33B002DB695 /* TemplateDetailView.swift in Sources */,
				9808224A2FF9B912002DB695 /* AddExerciseView.swift in Sources */,
				980822482FF9A3FC002DB695 /* TemplateViewModel.swift in Sources */,
				9808224C2FF9BAA7002DB695 /* Exercise.swift in Sources */,
				980822522FF9C12E002DB695 /* WorkoutExercise.swift in Sources */,
			);
			runOnlyForDeploymentPostprocessing = 0;
		};
		980822192FF99D6F002DB695 /* Sources */ = {
			isa = PBXSourcesBuildPhase;
			buildActionMask = 2147483647;
			files = (
			);
			runOnlyForDeploymentPostprocessing = 0;
		};
		980822232FF99D6F002DB695 /* Sources */ = {
			isa = PBXSourcesBuildPhase;
			buildActionMask = 2147483647;
			files = (
			);
			runOnlyForDeploymentPostprocessing = 0;
		};
/* End PBXSourcesBuildPhase section */

/* Begin PBXTargetDependency section */
		9808221F2FF99D6F002DB695 /* PBXTargetDependency */ = {
			isa = PBXTargetDependency;
			target = 9808220D2FF99D6E002DB695 /* WorkoutApp */;
			targetProxy = 9808221E2FF99D6F002DB695 /* PBXContainerItemProxy */;
		};
		980822292FF99D6F002DB695 /* PBXTargetDependency */ = {
			isa = PBXTargetDependency;
			target = 9808220D2FF99D6E002DB695 /* WorkoutApp */;
			targetProxy = 980822282FF99D6F002DB695 /* PBXContainerItemProxy */;
		};
/* End PBXTargetDependency section */

/* Begin XCBuildConfiguration section */
		9808222F2FF99D6F002DB695 /* Debug */ = {
			isa = XCBuildConfiguration;
			buildSettings = {
				ALWAYS_SEARCH_USER_PATHS = NO;
				ASSETCATALOG_COMPILER_GENERATE_SWIFT_ASSET_SYMBOL_EXTENSIONS = YES;
				CLANG_ANALYZER_NONNULL = YES;
				CLANG_ANALYZER_NUMBER_OBJECT_CONVERSION = YES_AGGRESSIVE;
				CLANG_CXX_LANGUAGE_STANDARD = "gnu++20";
				CLANG_ENABLE_MODULES = YES;
				CLANG_ENABLE_OBJC_ARC = YES;
				CLANG_ENABLE_OBJC_WEAK = YES;
				CLANG_WARN_BLOCK_CAPTURE_AUTORELEASING = YES;
				CLANG_WARN_BOOL_CONVERSION = YES;
				CLANG_WARN_COMMA = YES;
				CLANG_WARN_CONSTANT_CONVERSION = YES;
				CLANG_WARN_DEPRECATED_OBJC_IMPLEMENTATIONS = YES;
				CLANG_WARN_DIRECT_OBJC_ISA_USAGE = YES_ERROR;
				CLANG_WARN_DOCUMENTATION_COMMENTS = YES;
				CLANG_WARN_EMPTY_BODY = YES;
				CLANG_WARN_ENUM_CONVERSION = YES;
				CLANG_WARN_INFINITE_RECURSION = YES;
				CLANG_WARN_INT_CONVERSION = YES;
				CLANG_WARN_NON_LITERAL_NULL_CONVERSION = YES;
				CLANG_WARN_OBJC_IMPLICIT_RETAIN_SELF = YES;
				CLANG_WARN_OBJC_LITERAL_CONVERSION = YES;
				CLANG_WARN_OBJC_ROOT_CLASS = YES_ERROR;
				CLANG_WARN_QUOTED_INCLUDE_IN_FRAMEWORK_HEADER = YES;
				CLANG_WARN_RANGE_LOOP_ANALYSIS = YES;
				CLANG_WARN_STRICT_PROTOTYPES = YES;
				CLANG_WARN_SUSPICIOUS_MOVE = YES;
				CLANG_WARN_UNGUARDED_AVAILABILITY = YES_AGGRESSIVE;
				CLANG_WARN_UNREACHABLE_CODE = YES;
				CLANG_WARN__DUPLICATE_METHOD_MATCH = YES;
				COPY_PHASE_STRIP = NO;
				DEBUG_INFORMATION_FORMAT = dwarf;
				ENABLE_STRICT_OBJC_MSGSEND = YES;
				ENABLE_TESTABILITY = YES;
				ENABLE_USER_SCRIPT_SANDBOXING = YES;
				GCC_C_LANGUAGE_STANDARD = gnu17;
				GCC_DYNAMIC_NO_PIC = NO;
				GCC_NO_COMMON_BLOCKS = YES;
				GCC_OPTIMIZATION_LEVEL = 0;
				GCC_PREPROCESSOR_DEFINITIONS = (
					"DEBUG=1",
					"$(inherited)",
				);
				GCC_WARN_64_TO_32_BIT_CONVERSION = YES;
				GCC_WARN_ABOUT_RETURN_TYPE = YES_ERROR;
				GCC_WARN_UNDECLARED_SELECTOR = YES;
				GCC_WARN_UNINITIALIZED_AUTOS = YES_AGGRESSIVE;
				GCC_WARN_UNUSED_FUNCTION = YES;
				GCC_WARN_UNUSED_VARIABLE = YES;
				IPHONEOS_DEPLOYMENT_TARGET = 18.5;
				LOCALIZATION_PREFERS_STRING_CATALOGS = YES;
				MTL_ENABLE_DEBUG_INFO = INCLUDE_SOURCE;
				MTL_FAST_MATH = YES;
				ONLY_ACTIVE_ARCH = YES;
				SDKROOT = iphoneos;
				SWIFT_ACTIVE_COMPILATION_CONDITIONS = "DEBUG $(inherited)";
				SWIFT_OPTIMIZATION_LEVEL = "-Onone";
			};
			name = Debug;
		};
		980822302FF99D6F002DB695 /* Release */ = {
			isa = XCBuildConfiguration;
			buildSettings = {
				ALWAYS_SEARCH_USER_PATHS = NO;
				ASSETCATALOG_COMPILER_GENERATE_SWIFT_ASSET_SYMBOL_EXTENSIONS = YES;
				CLANG_ANALYZER_NONNULL = YES;
				CLANG_ANALYZER_NUMBER_OBJECT_CONVERSION = YES_AGGRESSIVE;
				CLANG_CXX_LANGUAGE_STANDARD = "gnu++20";
				CLANG_ENABLE_MODULES = YES;
				CLANG_ENABLE_OBJC_ARC = YES;
				CLANG_ENABLE_OBJC_WEAK = YES;
				CLANG_WARN_BLOCK_CAPTURE_AUTORELEASING = YES;
				CLANG_WARN_BOOL_CONVERSION = YES;
				CLANG_WARN_COMMA = YES;
				CLANG_WARN_CONSTANT_CONVERSION = YES;
				CLANG_WARN_DEPRECATED_OBJC_IMPLEMENTATIONS = YES;
				CLANG_WARN_DIRECT_OBJC_ISA_USAGE = YES_ERROR;
				CLANG_WARN_DOCUMENTATION_COMMENTS = YES;
				CLANG_WARN_EMPTY_BODY = YES;
				CLANG_WARN_ENUM_CONVERSION = YES;
				CLANG_WARN_INFINITE_RECURSION = YES;
				CLANG_WARN_INT_CONVERSION = YES;
				CLANG_WARN_NON_LITERAL_NULL_CONVERSION = YES;
				CLANG_WARN_OBJC_IMPLICIT_RETAIN_SELF = YES;
				CLANG_WARN_OBJC_LITERAL_CONVERSION = YES;
				CLANG_WARN_OBJC_ROOT_CLASS = YES_ERROR;
				CLANG_WARN_QUOTED_INCLUDE_IN_FRAMEWORK_HEADER = YES;
				CLANG_WARN_RANGE_LOOP_ANALYSIS = YES;
				CLANG_WARN_STRICT_PROTOTYPES = YES;
				CLANG_WARN_SUSPICIOUS_MOVE = YES;
				CLANG_WARN_UNGUARDED_AVAILABILITY = YES_AGGRESSIVE;
				CLANG_WARN_UNREACHABLE_CODE = YES;
				CLANG_WARN__DUPLICATE_METHOD_MATCH = YES;
				COPY_PHASE_STRIP = NO;
				DEBUG_INFORMATION_FORMAT = "dwarf-with-dsym";
				ENABLE_NS_ASSERTIONS = NO;
				ENABLE_STRICT_OBJC_MSGSEND = YES;
				ENABLE_USER_SCRIPT_SANDBOXING = YES;
				GCC_C_LANGUAGE_STANDARD = gnu17;
				GCC_NO_COMMON_BLOCKS = YES;
				GCC_WARN_64_TO_32_BIT_CONVERSION = YES;
				GCC_WARN_ABOUT_RETURN_TYPE = YES_ERROR;
				GCC_WARN_UNDECLARED_SELECTOR = YES;
				GCC_WARN_UNINITIALIZED_AUTOS = YES_AGGRESSIVE;
				GCC_WARN_UNUSED_FUNCTION = YES;
				GCC_WARN_UNUSED_VARIABLE = YES;
				IPHONEOS_DEPLOYMENT_TARGET = 18.5;
				LOCALIZATION_PREFERS_STRING_CATALOGS = YES;
				MTL_ENABLE_DEBUG_INFO = NO;
				MTL_FAST_MATH = YES;
				SDKROOT = iphoneos;
				SWIFT_COMPILATION_MODE = wholemodule;
				VALIDATE_PRODUCT = YES;
			};
			name = Release;
		};
		980822322FF99D6F002DB695 /* Debug */ = {
			isa = XCBuildConfiguration;
			buildSettings = {
				ASSETCATALOG_COMPILER_APPICON_NAME = AppIcon;
				ASSETCATALOG_COMPILER_GLOBAL_ACCENT_COLOR_NAME = AccentColor;
				CODE_SIGN_STYLE = Automatic;
				CURRENT_PROJECT_VERSION = 1;
				ENABLE_PREVIEWS = YES;
				GENERATE_INFOPLIST_FILE = YES;
				INFOPLIST_KEY_UIApplicationSceneManifest_Generation = YES;
				INFOPLIST_KEY_UIApplicationSupportsIndirectInputEvents = YES;
				INFOPLIST_KEY_UILaunchScreen_Generation = YES;
				INFOPLIST_KEY_UISupportedInterfaceOrientations_iPad = "UIInterfaceOrientationPortrait UIInterfaceOrientationPortraitUpsideDown UIInterfaceOrientationLandscapeLeft UIInterfaceOrientationLandscapeRight";
				INFOPLIST_KEY_UISupportedInterfaceOrientations_iPhone = "UIInterfaceOrientationPortrait UIInterfaceOrientationLandscapeLeft UIInterfaceOrientationLandscapeRight";
				LD_RUNPATH_SEARCH_PATHS = (
					"$(inherited)",
					"@executable_path/Frameworks",
				);
				MARKETING_VERSION = 1.0;
				PRODUCT_BUNDLE_IDENTIFIER = kp.WorkoutApp;
				PRODUCT_NAME = "$(TARGET_NAME)";
				SWIFT_EMIT_LOC_STRINGS = YES;
				SWIFT_VERSION = 5.0;
				TARGETED_DEVICE_FAMILY = "1,2";
			};
			name = Debug;
		};
		980822332FF99D6F002DB695 /* Release */ = {
			isa = XCBuildConfiguration;
			buildSettings = {
				ASSETCATALOG_COMPILER_APPICON_NAME = AppIcon;
				ASSETCATALOG_COMPILER_GLOBAL_ACCENT_COLOR_NAME = AccentColor;
				CODE_SIGN_STYLE = Automatic;
				CURRENT_PROJECT_VERSION = 1;
				ENABLE_PREVIEWS = YES;
				GENERATE_INFOPLIST_FILE = YES;
				INFOPLIST_KEY_UIApplicationSceneManifest_Generation = YES;
				INFOPLIST_KEY_UIApplicationSupportsIndirectInputEvents = YES;
				INFOPLIST_KEY_UILaunchScreen_Generation = YES;
				INFOPLIST_KEY_UISupportedInterfaceOrientations_iPad = "UIInterfaceOrientationPortrait UIInterfaceOrientationPortraitUpsideDown UIInterfaceOrientationLandscapeLeft UIInterfaceOrientationLandscapeRight";
				INFOPLIST_KEY_UISupportedInterfaceOrientations_iPhone = "UIInterfaceOrientationPortrait UIInterfaceOrientationLandscapeLeft UIInterfaceOrientationLandscapeRight";
				LD_RUNPATH_SEARCH_PATHS = (
					"$(inherited)",
					"@executable_path/Frameworks",
				);
				MARKETING_VERSION = 1.0;
				PRODUCT_BUNDLE_IDENTIFIER = kp.WorkoutApp;
				PRODUCT_NAME = "$(TARGET_NAME)";
				SWIFT_EMIT_LOC_STRINGS = YES;
				SWIFT_VERSION = 5.0;
				TARGETED_DEVICE_FAMILY = "1,2";
			};
			name = Release;
		};
		980822352FF99D6F002DB695 /* Debug */ = {
			isa = XCBuildConfiguration;
			buildSettings = {
				BUNDLE_LOADER = "$(TEST_HOST)";
				CODE_SIGN_STYLE = Automatic;
				CURRENT_PROJECT_VERSION = 1;
				GENERATE_INFOPLIST_FILE = YES;
				IPHONEOS_DEPLOYMENT_TARGET = 18.5;
				MARKETING_VERSION = 1.0;
				PRODUCT_BUNDLE_IDENTIFIER = kp.WorkoutAppTests;
				PRODUCT_NAME = "$(TARGET_NAME)";
				SWIFT_EMIT_LOC_STRINGS = NO;
				SWIFT_VERSION = 5.0;
				TARGETED_DEVICE_FAMILY = "1,2";
				TEST_HOST = "$(BUILT_PRODUCTS_DIR)/WorkoutApp.app/$(BUNDLE_EXECUTABLE_FOLDER_PATH)/WorkoutApp";
			};
			name = Debug;
		};
		980822362FF99D6F002DB695 /* Release */ = {
			isa = XCBuildConfiguration;
			buildSettings = {
				BUNDLE_LOADER = "$(TEST_HOST)";
				CODE_SIGN_STYLE = Automatic;
				CURRENT_PROJECT_VERSION = 1;
				GENERATE_INFOPLIST_FILE = YES;
				IPHONEOS_DEPLOYMENT_TARGET = 18.5;
				MARKETING_VERSION = 1.0;
				PRODUCT_BUNDLE_IDENTIFIER = kp.WorkoutAppTests;
				PRODUCT_NAME = "$(TARGET_NAME)";
				SWIFT_EMIT_LOC_STRINGS = NO;
				SWIFT_VERSION = 5.0;
				TARGETED_DEVICE_FAMILY = "1,2";
				TEST_HOST = "$(BUILT_PRODUCTS_DIR)/WorkoutApp.app/$(BUNDLE_EXECUTABLE_FOLDER_PATH)/WorkoutApp";
			};
			name = Release;
		};
		980822382FF99D6F002DB695 /* Debug */ = {
			isa = XCBuildConfiguration;
			buildSettings = {
				CODE_SIGN_STYLE = Automatic;
				CURRENT_PROJECT_VERSION = 1;
				GENERATE_INFOPLIST_FILE = YES;
				MARKETING_VERSION = 1.0;
				PRODUCT_BUNDLE_IDENTIFIER = kp.WorkoutAppUITests;
				PRODUCT_NAME = "$(TARGET_NAME)";
				SWIFT_EMIT_LOC_STRINGS = NO;
				SWIFT_VERSION = 5.0;
				TARGETED_DEVICE_FAMILY = "1,2";
				TEST_TARGET_NAME = WorkoutApp;
			};
			name = Debug;
		};
		980822392FF99D6F002DB695 /* Release */ = {
			isa = XCBuildConfiguration;
			buildSettings = {
				CODE_SIGN_STYLE = Automatic;
				CURRENT_PROJECT_VERSION = 1;
				GENERATE_INFOPLIST_FILE = YES;
				MARKETING_VERSION = 1.0;
				PRODUCT_BUNDLE_IDENTIFIER = kp.WorkoutAppUITests;
				PRODUCT_NAME = "$(TARGET_NAME)";
				SWIFT_EMIT_LOC_STRINGS = NO;
				SWIFT_VERSION = 5.0;
				TARGETED_DEVICE_FAMILY = "1,2";
				TEST_TARGET_NAME = WorkoutApp;
			};
			name = Release;
		};
/* End XCBuildConfiguration section */

/* Begin XCConfigurationList section */
		980822092FF99D6E002DB695 /* Build configuration list for PBXProject "WorkoutApp" */ = {
			isa = XCConfigurationList;
			buildConfigurations = (
				9808222F2FF99D6F002DB695 /* Debug */,
				980822302FF99D6F002DB695 /* Release */,
			);
			defaultConfigurationIsVisible = 0;
			defaultConfigurationName = Release;
		};
		980822312FF99D6F002DB695 /* Build configuration list for PBXNativeTarget "WorkoutApp" */ = {
			isa = XCConfigurationList;
			buildConfigurations = (
				980822322FF99D6F002DB695 /* Debug */,
				980822332FF99D6F002DB695 /* Release */,
			);
			defaultConfigurationIsVisible = 0;
			defaultConfigurationName = Release;
		};
		980822342FF99D6F002DB695 /* Build configuration list for PBXNativeTarget "WorkoutAppTests" */ = {
			isa = XCConfigurationList;
			buildConfigurations = (
				980822352FF99D6F002DB695 /* Debug */,
				980822362FF99D6F002DB695 /* Release */,
			);
			defaultConfigurationIsVisible = 0;
			defaultConfigurationName = Release;
		};
		980822372FF99D6F002DB695 /* Build configuration list for PBXNativeTarget "WorkoutAppUITests" */ = {
			isa = XCConfigurationList;
			buildConfigurations = (
				980822382FF99D6F002DB695 /* Debug */,
				980822392FF99D6F002DB695 /* Release */,
			);
			defaultConfigurationIsVisible = 0;
			defaultConfigurationName = Release;
		};
/* End XCConfigurationList section */
	};
	rootObject = 980822062FF99D6E002DB695 /* Project object */;
}
